
Microsoft Visual Studio Solution File, Format Version 12.00
# Visual Studio Version 16
VisualStudioVersion = 16.0.33027.164
MinimumVisualStudioVersion = 10.0.40219.1
Project("{9A19103F-16F7-4668-BE54-9A1E7A4F7556}") = "Test.Server", "Test\Server\Test.Server.csproj", "{0426873E-1C42-4C5E-943D-00AA2772A6D7}"
EndProject
Project("{9A19103F-16F7-4668-BE54-9A1E7A4F7556}") = "Test.Client", "Test\Client\Test.Client.csproj", "{14BCD4A1-E683-4E12-9F00-0FBAD194AE38}"
EndProject
Project("{9A19103F-16F7-4668-BE54-9A1E7A4F7556}") = "Test.Shared", "Test\Shared\Test.Shared.csproj", "{BFBF9E1E-98B6-4FCD-8E6B-2E7A70112A01}"
EndProject
Global
	GlobalSection(SolutionConfigurationPlatforms) = preSolution
		Debug|Any CPU = Debug|Any CPU
		Release|Any CPU = Release|Any CPU
	EndGlobalSection
	GlobalSection(ProjectConfigurationPlatforms) = postSolution
		{0426873E-1C42-4C5E-943D-00AA2772A6D7}.Debug|Any CPU.ActiveCfg = Debug|Any CPU
		{0426873E-1C42-4C5E-943D-00AA2772A6D7}.Debug|Any CPU.Build.0 = Debug|Any CPU
		{0426873E-1C42-4C5E-943D-00AA2772A6D7}.Release|Any CPU.ActiveCfg = Release|Any CPU
		{0426873E-1C42-4C5E-943D-00AA2772A6D7}.Release|Any CPU.Build.0 = Release|Any CPU
		{14BCD4A1-E683-4E12-9F00-0FBAD194AE38}.Debug|Any CPU.ActiveCfg = Debug|Any CPU
		{14BCD4A1-E683-4E12-9F00-0FBAD194AE38}.Debug|Any CPU.Build.0 = Debug|Any CPU
		{14BCD4A1-E683-4E12-9F00-0FBAD194AE38}.Release|Any CPU.ActiveCfg = Release|Any CPU
		{14BCD4A1-E683-4E12-9F00-0FBAD194AE38}.Release|Any CPU.Build.0 = Release|Any CPU
		{BFBF9E1E-98B6-4FCD-8E6B-2E7A70112A01}.Debug|Any CPU.ActiveCfg = Debug|Any CPU
		{BFBF9E1E-98B6-4FCD-8E6B-2E7A70112A01}.Debug|Any CPU.Build.0 = Debug|Any CPU
		{BFBF9E1E-98B6-4FCD-8E6B-2E7A70112A01}.Release|Any CPU.ActiveCfg = Release|Any CPU
		{BFBF9E1E-98B6-4FCD-8E6B-2E7A70112A01}.Release|Any CPU.Build.0 = Release|Any CPU
	EndGlobalSection
	GlobalSection(SolutionProperties) = preSolution
		HideSolutionNode = FALSE
	EndGlobalSection
	GlobalSection(ExtensibilityGlobals) = postSolution
		SolutionGuid = {1F28C2BB-8894-4587-87D7-89E6CF7E93D9}
	EndGlobalSection
EndGlobal
